github.com/fyrna/cli v0.0.0-20250802074550-8323e878abce h1:DG9IIQIHltwIDiL5lmgwELvJLhLWG2TLKvroQWkISEk=
github.com/fyrna/cli v0.0.0-20250802074550-8323e878abce/go.mod h1:GXmNIpciNPxcso42vljLx7XQp72vaiLVlsV87WW/C1g=
github.com/fyrna/cli v0.0.0-20250806100108-293267c75660 h1:i0OtxDqGcYLVIDjo147+R4MXnkjB0ZZIxpwXf0BqvjE=
github.com/fyrna/cli v0.0.0-20250806100108-293267c75660/go.mod h1:GXmNIpciNPxcso42vljLx7XQp72vaiLVlsV87WW/C1g=
